{
  "name": "@wonderful/easyvuex",
  "version": "1.0.7",
  "lockfileVersion": 1,
  "requires": true,
  "dependencies": {
    "request-promise": {
      "version": "4.2.2",
      "resolved": "http://registry.npm.taobao.org/request-promise/download/request-promise-4.2.2.tgz",
      "dependencies": {
        "bluebird": {
          "version": "http://registry.npm.taobao.org/bluebird/download/bluebird-3.5.3.tgz",
          "bundled": true
        },
        "request-promise-core": {
          "version": "http://registry.npm.taobao.org/request-promise-core/download/request-promise-core-1.1.1.tgz",
          "bundled": true
        },
        "stealthy-require": {
          "version": "http://registry.npm.taobao.org/stealthy-require/download/stealthy-require-1.1.1.tgz",
          "bundled": true
        },
        "tough-cookie": {
          "version": "http://registry.npm.taobao.org/tough-cookie/download/tough-cookie-2.5.0.tgz",
          "bundled": true
        }
      }
    },
    "vuex-router-sync": {
      "version": "5.0.0",
      "resolved": "http://registry.npm.taobao.org/vuex-router-sync/download/vuex-router-sync-5.0.0.tgz"
    }
  }
}
